
Microsoft Visual Studio Solution File, Format Version 12.00
# Visual Studio Version 16
VisualStudioVersion = 16.0.29709.97
MinimumVisualStudioVersion = 10.0.40219.1
Project("{FAE04EC0-301F-11D3-BF4B-00C04F79EFBC}") = "TempProject", "TempProject.csproj", "{8C18F333-334F-4DED-9466-11BE12BD7A8F}"
EndProject
Global
	GlobalSection(SolutionConfigurationPlatforms) = preSolution
		Debug|Any CPU = Debug|Any CPU
		Release|Any CPU = Release|Any CPU
	EndGlobalSection
	GlobalSection(ProjectConfigurationPlatforms) = postSolution
		{8C18F333-334F-4DED-9466-11BE12BD7A8F}.Debug|Any CPU.ActiveCfg = Debug|Any CPU
		{8C18F333-334F-4DED-9466-11BE12BD7A8F}.Debug|Any CPU.Build.0 = Debug|Any CPU
		{8C18F333-334F-4DED-9466-11BE12BD7A8F}.Release|Any CPU.ActiveCfg = Release|Any CPU
		{8C18F333-334F-4DED-9466-11BE12BD7A8F}.Release|Any CPU.Build.0 = Release|Any CPU
	EndGlobalSection
	GlobalSection(SolutionProperties) = preSolution
		HideSolutionNode = FALSE
	EndGlobalSection
	GlobalSection(ExtensibilityGlobals) = postSolution
		SolutionGuid = {03CDC24C-A500-402C-B499-96A6F67D8245}
	EndGlobalSection
EndGlobal
